
Microsoft Visual Studio Solution File, Format Version 12.00
Project("{FAE04EC0-301F-11D3-BF4B-00C04F79EFBC}") = "FindDuplicate", "FindDuplicate\FindDuplicate.csproj", "{CC282EA0-DBD9-4455-B48B-A232B97950EC}"
EndProject
Project("{FAE04EC0-301F-11D3-BF4B-00C04F79EFBC}") = "MergeToADirectory", "MergeToADirectory\MergeToADirectory.csproj", "{419C4AAF-9129-4BD4-9182-7A0D77A2FBA4}"
EndProject
Project("{FAE04EC0-301F-11D3-BF4B-00C04F79EFBC}") = "FlattenDirectory", "FlattenDirectory\FlattenDirectory.csproj", "{A879BAE4-9E0E-40F7-B9CC-E4608700D018}"
EndProject
Project("{FAE04EC0-301F-11D3-BF4B-00C04F79EFBC}") = "FileCompare", "FileCompare\FileCompare.csproj", "{4909127B-8EED-4865-BF48-2AAF3A845AAB}"
EndProject
Project("{FAE04EC0-301F-11D3-BF4B-00C04F79EFBC}") = "DeleteIfElseAtOtherPlace", "DeleteIfElseAtOtherPlace\DeleteIfElseAtOtherPlace.csproj", "{E85E0E9C-B7A6-4CCB-96EE-59D0B19CC354}"
EndProject
Project("{FAE04EC0-301F-11D3-BF4B-00C04F79EFBC}") = "FindDupByHash", "FindDupByHash\FindDupByHash.csproj", "{7192EC13-9FC4-4387-983C-859199792E61}"
EndProject
Project("{FAE04EC0-301F-11D3-BF4B-00C04F79EFBC}") = "EliminateRenamed", "EliminateRenamed\EliminateRenamed.csproj", "{8B89BFA9-95CA-4FE9-94FE-73342BF25ADC}"
EndProject
Project("{FAE04EC0-301F-11D3-BF4B-00C04F79EFBC}") = "DuplicateAssistant", "DuplicateAssistant\DuplicateAssistant.csproj", "{D9BE469E-3405-47BE-A862-A03020A1BCC2}"
EndProject
Global
	GlobalSection(SolutionConfigurationPlatforms) = preSolution
		Debug|Any CPU = Debug|Any CPU
		Release|Any CPU = Release|Any CPU
	EndGlobalSection
	GlobalSection(ProjectConfigurationPlatforms) = postSolution
		{CC282EA0-DBD9-4455-B48B-A232B97950EC}.Debug|Any CPU.ActiveCfg = Debug|Any CPU
		{CC282EA0-DBD9-4455-B48B-A232B97950EC}.Debug|Any CPU.Build.0 = Debug|Any CPU
		{CC282EA0-DBD9-4455-B48B-A232B97950EC}.Release|Any CPU.ActiveCfg = Release|Any CPU
		{CC282EA0-DBD9-4455-B48B-A232B97950EC}.Release|Any CPU.Build.0 = Release|Any CPU
		{419C4AAF-9129-4BD4-9182-7A0D77A2FBA4}.Debug|Any CPU.ActiveCfg = Debug|Any CPU
		{419C4AAF-9129-4BD4-9182-7A0D77A2FBA4}.Debug|Any CPU.Build.0 = Debug|Any CPU
		{419C4AAF-9129-4BD4-9182-7A0D77A2FBA4}.Release|Any CPU.ActiveCfg = Release|Any CPU
		{419C4AAF-9129-4BD4-9182-7A0D77A2FBA4}.Release|Any CPU.Build.0 = Release|Any CPU
		{A879BAE4-9E0E-40F7-B9CC-E4608700D018}.Debug|Any CPU.ActiveCfg = Debug|Any CPU
		{A879BAE4-9E0E-40F7-B9CC-E4608700D018}.Debug|Any CPU.Build.0 = Debug|Any CPU
		{A879BAE4-9E0E-40F7-B9CC-E4608700D018}.Release|Any CPU.ActiveCfg = Release|Any CPU
		{A879BAE4-9E0E-40F7-B9CC-E4608700D018}.Release|Any CPU.Build.0 = Release|Any CPU
		{4909127B-8EED-4865-BF48-2AAF3A845AAB}.Debug|Any CPU.ActiveCfg = Debug|Any CPU
		{4909127B-8EED-4865-BF48-2AAF3A845AAB}.Debug|Any CPU.Build.0 = Debug|Any CPU
		{4909127B-8EED-4865-BF48-2AAF3A845AAB}.Release|Any CPU.ActiveCfg = Release|Any CPU
		{4909127B-8EED-4865-BF48-2AAF3A845AAB}.Release|Any CPU.Build.0 = Release|Any CPU
		{E85E0E9C-B7A6-4CCB-96EE-59D0B19CC354}.Debug|Any CPU.ActiveCfg = Debug|Any CPU
		{E85E0E9C-B7A6-4CCB-96EE-59D0B19CC354}.Debug|Any CPU.Build.0 = Debug|Any CPU
		{E85E0E9C-B7A6-4CCB-96EE-59D0B19CC354}.Release|Any CPU.ActiveCfg = Release|Any CPU
		{E85E0E9C-B7A6-4CCB-96EE-59D0B19CC354}.Release|Any CPU.Build.0 = Release|Any CPU
		{7192EC13-9FC4-4387-983C-859199792E61}.Debug|Any CPU.ActiveCfg = Debug|Any CPU
		{7192EC13-9FC4-4387-983C-859199792E61}.Debug|Any CPU.Build.0 = Debug|Any CPU
		{7192EC13-9FC4-4387-983C-859199792E61}.Release|Any CPU.ActiveCfg = Release|Any CPU
		{7192EC13-9FC4-4387-983C-859199792E61}.Release|Any CPU.Build.0 = Release|Any CPU
		{8B89BFA9-95CA-4FE9-94FE-73342BF25ADC}.Debug|Any CPU.ActiveCfg = Debug|Any CPU
		{8B89BFA9-95CA-4FE9-94FE-73342BF25ADC}.Debug|Any CPU.Build.0 = Debug|Any CPU
		{8B89BFA9-95CA-4FE9-94FE-73342BF25ADC}.Release|Any CPU.ActiveCfg = Release|Any CPU
		{8B89BFA9-95CA-4FE9-94FE-73342BF25ADC}.Release|Any CPU.Build.0 = Release|Any CPU
		{D9BE469E-3405-47BE-A862-A03020A1BCC2}.Debug|Any CPU.ActiveCfg = Debug|Any CPU
		{D9BE469E-3405-47BE-A862-A03020A1BCC2}.Debug|Any CPU.Build.0 = Debug|Any CPU
		{D9BE469E-3405-47BE-A862-A03020A1BCC2}.Release|Any CPU.ActiveCfg = Release|Any CPU
		{D9BE469E-3405-47BE-A862-A03020A1BCC2}.Release|Any CPU.Build.0 = Release|Any CPU
	EndGlobalSection
EndGlobal
