
Microsoft Visual Studio Solution File, Format Version 12.00
# Visual Studio Version 16
VisualStudioVersion = 16.0.32802.440
MinimumVisualStudioVersion = 10.0.40219.1
Project("{9A19103F-16F7-4668-BE54-9A1E7A4F7556}") = "FindDuplicate", "FindDuplicate\FindDuplicate.csproj", "{CC282EA0-DBD9-4455-B48B-A232B97950EC}"
EndProject
Project("{9A19103F-16F7-4668-BE54-9A1E7A4F7556}") = "MergeToADirectory", "MergeToADirectory\MergeToADirectory.csproj", "{419C4AAF-9129-4BD4-9182-7A0D77A2FBA4}"
EndProject
Project("{9A19103F-16F7-4668-BE54-9A1E7A4F7556}") = "FlattenDirectory", "FlattenDirectory\FlattenDirectory.csproj", "{A879BAE4-9E0E-40F7-B9CC-E4608700D018}"
EndProject
Project("{9A19103F-16F7-4668-BE54-9A1E7A4F7556}") = "FileCompare", "FileCompare\FileCompare.csproj", "{4909127B-8EED-4865-BF48-2AAF3A845AAB}"
EndProject
Project("{9A19103F-16F7-4668-BE54-9A1E7A4F7556}") = "DeleteIfAtOtherPlace", "DeleteIfAtOtherPlace\DeleteIfAtOtherPlace.csproj", "{E85E0E9C-B7A6-4CCB-96EE-59D0B19CC354}"
EndProject
Project("{9A19103F-16F7-4668-BE54-9A1E7A4F7556}") = "FindDupByHash", "FindDupByHash\FindDupByHash.csproj", "{7192EC13-9FC4-4387-983C-859199792E61}"
EndProject
Project("{9A19103F-16F7-4668-BE54-9A1E7A4F7556}") = "EliminateRenamed", "EliminateRenamed\EliminateRenamed.csproj", "{8B89BFA9-95CA-4FE9-94FE-73342BF25ADC}"
EndProject
Project("{9A19103F-16F7-4668-BE54-9A1E7A4F7556}") = "DuplicateAssistant", "DuplicateAssistant\DuplicateAssistant.csproj", "{D9BE469E-3405-47BE-A862-A03020A1BCC2}"
EndProject
Project("{9A19103F-16F7-4668-BE54-9A1E7A4F7556}") = "FileCompare.Tests", "FileCompare.Tests\FileCompare.Tests.csproj", "{BDE63BB9-3E72-429B-9723-1DDE34888FB1}"
EndProject
Project("{2150E333-8FDC-42A3-9474-1A3956D46DE8}") = "Solution Items", "Solution Items", "{564F8AD7-4515-4F15-856D-219A9A123AF8}"
	ProjectSection(SolutionItems) = preProject
		.gitignore = .gitignore
		LICENSE = LICENSE
		README.md = README.md
		screenshot.png = screenshot.png
	EndProjectSection
EndProject
Project("{FAE04EC0-301F-11D3-BF4B-00C04F79EFBC}") = "Playground", "Playground\Playground.csproj", "{57BC0D79-DA87-4E1B-8E68-A728B1B92E02}"
EndProject
Global
	GlobalSection(SolutionConfigurationPlatforms) = preSolution
		Debug|Any CPU = Debug|Any CPU
		Release|Any CPU = Release|Any CPU
	EndGlobalSection
	GlobalSection(ProjectConfigurationPlatforms) = postSolution
		{CC282EA0-DBD9-4455-B48B-A232B97950EC}.Debug|Any CPU.ActiveCfg = Debug|Any CPU
		{CC282EA0-DBD9-4455-B48B-A232B97950EC}.Debug|Any CPU.Build.0 = Debug|Any CPU
		{CC282EA0-DBD9-4455-B48B-A232B97950EC}.Release|Any CPU.ActiveCfg = Release|Any CPU
		{CC282EA0-DBD9-4455-B48B-A232B97950EC}.Release|Any CPU.Build.0 = Release|Any CPU
		{419C4AAF-9129-4BD4-9182-7A0D77A2FBA4}.Debug|Any CPU.ActiveCfg = Debug|Any CPU
		{419C4AAF-9129-4BD4-9182-7A0D77A2FBA4}.Debug|Any CPU.Build.0 = Debug|Any CPU
		{419C4AAF-9129-4BD4-9182-7A0D77A2FBA4}.Release|Any CPU.ActiveCfg = Release|Any CPU
		{419C4AAF-9129-4BD4-9182-7A0D77A2FBA4}.Release|Any CPU.Build.0 = Release|Any CPU
		{A879BAE4-9E0E-40F7-B9CC-E4608700D018}.Debug|Any CPU.ActiveCfg = Debug|Any CPU
		{A879BAE4-9E0E-40F7-B9CC-E4608700D018}.Debug|Any CPU.Build.0 = Debug|Any CPU
		{A879BAE4-9E0E-40F7-B9CC-E4608700D018}.Release|Any CPU.ActiveCfg = Release|Any CPU
		{A879BAE4-9E0E-40F7-B9CC-E4608700D018}.Release|Any CPU.Build.0 = Release|Any CPU
		{4909127B-8EED-4865-BF48-2AAF3A845AAB}.Debug|Any CPU.ActiveCfg = Debug|Any CPU
		{4909127B-8EED-4865-BF48-2AAF3A845AAB}.Debug|Any CPU.Build.0 = Debug|Any CPU
		{4909127B-8EED-4865-BF48-2AAF3A845AAB}.Release|Any CPU.ActiveCfg = Release|Any CPU
		{4909127B-8EED-4865-BF48-2AAF3A845AAB}.Release|Any CPU.Build.0 = Release|Any CPU
		{E85E0E9C-B7A6-4CCB-96EE-59D0B19CC354}.Debug|Any CPU.ActiveCfg = Debug|Any CPU
		{E85E0E9C-B7A6-4CCB-96EE-59D0B19CC354}.Debug|Any CPU.Build.0 = Debug|Any CPU
		{E85E0E9C-B7A6-4CCB-96EE-59D0B19CC354}.Release|Any CPU.ActiveCfg = Release|Any CPU
		{E85E0E9C-B7A6-4CCB-96EE-59D0B19CC354}.Release|Any CPU.Build.0 = Release|Any CPU
		{7192EC13-9FC4-4387-983C-859199792E61}.Debug|Any CPU.ActiveCfg = Debug|Any CPU
		{7192EC13-9FC4-4387-983C-859199792E61}.Debug|Any CPU.Build.0 = Debug|Any CPU
		{7192EC13-9FC4-4387-983C-859199792E61}.Release|Any CPU.ActiveCfg = Release|Any CPU
		{7192EC13-9FC4-4387-983C-859199792E61}.Release|Any CPU.Build.0 = Release|Any CPU
		{8B89BFA9-95CA-4FE9-94FE-73342BF25ADC}.Debug|Any CPU.ActiveCfg = Debug|Any CPU
		{8B89BFA9-95CA-4FE9-94FE-73342BF25ADC}.Debug|Any CPU.Build.0 = Debug|Any CPU
		{8B89BFA9-95CA-4FE9-94FE-73342BF25ADC}.Release|Any CPU.ActiveCfg = Release|Any CPU
		{8B89BFA9-95CA-4FE9-94FE-73342BF25ADC}.Release|Any CPU.Build.0 = Release|Any CPU
		{D9BE469E-3405-47BE-A862-A03020A1BCC2}.Debug|Any CPU.ActiveCfg = Debug|Any CPU
		{D9BE469E-3405-47BE-A862-A03020A1BCC2}.Debug|Any CPU.Build.0 = Debug|Any CPU
		{D9BE469E-3405-47BE-A862-A03020A1BCC2}.Release|Any CPU.ActiveCfg = Release|Any CPU
		{D9BE469E-3405-47BE-A862-A03020A1BCC2}.Release|Any CPU.Build.0 = Release|Any CPU
		{BDE63BB9-3E72-429B-9723-1DDE34888FB1}.Debug|Any CPU.ActiveCfg = Debug|Any CPU
		{BDE63BB9-3E72-429B-9723-1DDE34888FB1}.Debug|Any CPU.Build.0 = Debug|Any CPU
		{BDE63BB9-3E72-429B-9723-1DDE34888FB1}.Release|Any CPU.ActiveCfg = Release|Any CPU
		{BDE63BB9-3E72-429B-9723-1DDE34888FB1}.Release|Any CPU.Build.0 = Release|Any CPU
		{57BC0D79-DA87-4E1B-8E68-A728B1B92E02}.Debug|Any CPU.ActiveCfg = Debug|Any CPU
		{57BC0D79-DA87-4E1B-8E68-A728B1B92E02}.Debug|Any CPU.Build.0 = Debug|Any CPU
		{57BC0D79-DA87-4E1B-8E68-A728B1B92E02}.Release|Any CPU.ActiveCfg = Release|Any CPU
		{57BC0D79-DA87-4E1B-8E68-A728B1B92E02}.Release|Any CPU.Build.0 = Release|Any CPU
	EndGlobalSection
	GlobalSection(SolutionProperties) = preSolution
		HideSolutionNode = FALSE
	EndGlobalSection
	GlobalSection(ExtensibilityGlobals) = postSolution
		SolutionGuid = {19AB6FA4-9E85-4D5B-99EF-248955996A67}
	EndGlobalSection
EndGlobal
